
Microsoft Visual Studio Solution File, Format Version 12.00
# Visual Studio Version 17
VisualStudioVersion = 17.1.32328.378
MinimumVisualStudioVersion = 10.0.40219.1
Project("{8BC9CEB8-8B4A-11D0-8D11-00A0C91BC942}") = "mp2-lab7-table", "mp2-lab7-table\mp2-lab7-table.vcxproj", "{F9828C85-DA9B-43CB-A2D9-A8FEF2F1A079}"
EndProject
Global
	GlobalSection(SolutionConfigurationPlatforms) = preSolution
		Debug|x64 = Debug|x64
		Debug|x86 = Debug|x86
		Release|x64 = Release|x64
		Release|x86 = Release|x86
	EndGlobalSection
	GlobalSection(ProjectConfigurationPlatforms) = postSolution
		{F9828C85-DA9B-43CB-A2D9-A8FEF2F1A079}.Debug|x64.ActiveCfg = Debug|x64
		{F9828C85-DA9B-43CB-A2D9-A8FEF2F1A079}.Debug|x64.Build.0 = Debug|x64
		{F9828C85-DA9B-43CB-A2D9-A8FEF2F1A079}.Debug|x86.ActiveCfg = Debug|Win32
		{F9828C85-DA9B-43CB-A2D9-A8FEF2F1A079}.Debug|x86.Build.0 = Debug|Win32
		{F9828C85-DA9B-43CB-A2D9-A8FEF2F1A079}.Release|x64.ActiveCfg = Release|x64
		{F9828C85-DA9B-43CB-A2D9-A8FEF2F1A079}.Release|x64.Build.0 = Release|x64
		{F9828C85-DA9B-43CB-A2D9-A8FEF2F1A079}.Release|x86.ActiveCfg = Release|Win32
		{F9828C85-DA9B-43CB-A2D9-A8FEF2F1A079}.Release|x86.Build.0 = Release|Win32
	EndGlobalSection
	GlobalSection(SolutionProperties) = preSolution
		HideSolutionNode = FALSE
	EndGlobalSection
	GlobalSection(ExtensibilityGlobals) = postSolution
		SolutionGuid = {A0EB011C-2BBA-4DB6-AE08-114BE17F1C05}
	EndGlobalSection
EndGlobal
